// !$*UTF8*$!
{
	archiveVersion = 1;
	classes = {
	};
	objectVersion = 46;
	objects = {

/* Begin PBXBuildFile section */
		8E54A88E1BA9B53A006C3122 /* AppDelegate.swift in Sources */ = {isa = PBXBuildFile; fileRef = 8E54A88D1BA9B53A006C3122 /* AppDelegate.swift */; };
		8E54A8901BA9B53A006C3122 /* ViewController.swift in Sources */ = {isa = PBXBuildFile; fileRef = 8E54A88F1BA9B53A006C3122 /* ViewController.swift */; };
		8E54A8931BA9B53A006C3122 /* Main.storyboard in Resources */ = {isa = PBXBuildFile; fileRef = 8E54A8911BA9B53A006C3122 /* Main.storyboard */; };
		8E54A8951BA9B53A006C3122 /* Images.xcassets in Resources */ = {isa = PBXBuildFile; fileRef = 8E54A8941BA9B53A006C3122 /* Images.xcassets */; };
		8E54A8981BA9B53A006C3122 /* LaunchScreen.xib in Resources */ = {isa = PBXBuildFile; fileRef = 8E54A8961BA9B53A006C3122 /* LaunchScreen.xib */; };
		8E54A8A41BA9B53A006C3122 /* NSUserDefaultsPracticeTests.swift in Sources */ = {isa = PBXBuildFile; fileRef = 8E54A8A31BA9B53A006C3122 /* NSUserDefaultsPracticeTests.swift */; };
/* End PBXBuildFile section */

/* Begin PBXContainerItemProxy section */
		8E54A89E1BA9B53A006C3122 /* PBXContainerItemProxy */ = {
			isa = PBXContainerItemProxy;
			containerPortal = 8E54A8801BA9B53A006C3122 /* Project object */;
			proxyType = 1;
			remoteGlobalIDString = 8E54A8871BA9B53A006C3122;
			remoteInfo = NSUserDefaultsPractice;
		};
/* End PBXContainerItemProxy section */

/* Begin PBXFileReference section */
		8E54A8881BA9B53A006C3122 /* NSUserDefaultsPractice.app */ = {isa = PBXFileReference; explicitFileType = wrapper.application; includeInIndex = 0; path = NSUserDefaultsPractice.app; sourceTree = BUILT_PRODUCTS_DIR; };
		8E54A88C1BA9B53A006C3122 /* Info.plist */ = {isa = PBXFileReference; lastKnownFileType = text.plist.xml; path = Info.plist; sourceTree = "<group>"; };
		8E54A88D1BA9B53A006C3122 /* AppDelegate.swift */ = {isa = PBXFileReference; lastKnownFileType = sourcecode.swift; path = AppDelegate.swift; sourceTree = "<group>"; };
		8E54A88F1BA9B53A006C3122 /* ViewController.swift */ = {isa = PBXFileReference; lastKnownFileType = sourcecode.swift; path = ViewController.swift; sourceTree = "<group>"; };
		8E54A8921BA9B53A006C3122 /* Base */ = {isa = PBXFileReference; lastKnownFileType = file.storyboard; name = Base; path = Base.lproj/Main.storyboard; sourceTree = "<group>"; };
		8E54A8941BA9B53A006C3122 /* Images.xcassets */ = {isa = PBXFileReference; lastKnownFileType = folder.assetcatalog; path = Images.xcassets; sourceTree = "<group>"; };
		8E54A8971BA9B53A006C3122 /* Base */ = {isa = PBXFileReference; lastKnownFileType = file.xib; name = Base; path = Base.lproj/LaunchScreen.xib; sourceTree = "<group>"; };
		8E54A89D1BA9B53A006C3122 /* NSUserDefaultsPracticeTests.xctest */ = {isa = PBXFileReference; explicitFileType = wrapper.cfbundle; includeInIndex = 0; path = NSUserDefaultsPracticeTests.xctest; sourceTree = BUILT_PRODUCTS_DIR; };
		8E54A8A21BA9B53A006C3122 /* Info.plist */ = {isa = PBXFileReference; lastKnownFileType = text.plist.xml; path = Info.plist; sourceTree = "<group>"; };
		8E54A8A31BA9B53A006C3122 /* NSUserDefaultsPracticeTests.swift */ = {isa = PBXFileReference; lastKnownFileType = sourcecode.swift; path = NSUserDefaultsPracticeTests.swift; sourceTree = "<group>"; };
/* End PBXFileReference section */

/* Begin PBXFrameworksBuildPhase section */
		8E54A8851BA9B53A006C3122 /* Frameworks */ = {
			isa = PBXFrameworksBuildPhase;
			buildActionMask = 2147483647;
			files = (
			);
			runOnlyForDeploymentPostprocessing = 0;
		};
		8E54A89A1BA9B53A006C3122 /* Frameworks */ = {
			isa = PBXFrameworksBuildPhase;
			buildActionMask = 2147483647;
			files = (
			);
			runOnlyForDeploymentPostprocessing = 0;
		};
/* End PBXFrameworksBuildPhase section */

/* Begin PBXGroup section */
		8E54A87F1BA9B53A006C3122 = {
			isa = PBXGroup;
			children = (
				8E54A88A1BA9B53A006C3122 /* NSUserDefaultsPractice */,
				8E54A8A01BA9B53A006C3122 /* NSUserDefaultsPracticeTests */,
				8E54A8891BA9B53A006C3122 /* Products */,
			);
			sourceTree = "<group>";
		};
		8E54A8891BA9B53A006C3122 /* Products */ = {
			isa = PBXGroup;
			children = (
				8E54A8881BA9B53A006C3122 /* NSUserDefaultsPractice.app */,
				8E54A89D1BA9B53A006C3122 /* NSUserDefaultsPracticeTests.xctest */,
			);
			name = Products;
			sourceTree = "<group>";
		};
		8E54A88A1BA9B53A006C3122 /* NSUserDefaultsPractice */ = {
			isa = PBXGroup;
			children = (
				8E54A88D1BA9B53A006C3122 /* AppDelegate.swift */,
				8E54A88F1BA9B53A006C3122 /* ViewController.swift */,
				8E54A8911BA9B53A006C3122 /* Main.storyboard */,
				8E54A8941BA9B53A006C3122 /* Images.xcassets */,
				8E54A8961BA9B53A006C3122 /* LaunchScreen.xib */,
				8E54A88B1BA9B53A006C3122 /* Supporting Files */,
			);
			path = NSUserDefaultsPractice;
			sourceTree = "<group>";
		};
		8E54A88B1BA9B53A006C3122 /* Supporting Files */ = {
			isa = PBXGroup;
			children = (
				8E54A88C1BA9B53A006C3122 /* Info.plist */,
			);
			name = "Supporting Files";
			sourceTree = "<group>";
		};
		8E54A8A01BA9B53A006C3122 /* NSUserDefaultsPracticeTests */ = {
			isa = PBXGroup;
			children = (
				8E54A8A31BA9B53A006C3122 /* NSUserDefaultsPracticeTests.swift */,
				8E54A8A11BA9B53A006C3122 /* Supporting Files */,
			);
			path = NSUserDefaultsPracticeTests;
			sourceTree = "<group>";
		};
		8E54A8A11BA9B53A006C3122 /* Supporting Files */ = {
			isa = PBXGroup;
			children = (
				8E54A8A21BA9B53A006C3122 /* Info.plist */,
			);
			name = "Supporting Files";
			sourceTree = "<group>";
		};
/* End PBXGroup section */

/* Begin PBXNativeTarget section */
		8E54A8871BA9B53A006C3122 /* NSUserDefaultsPractice */ = {
			isa = PBXNativeTarget;
			buildConfigurationList = 8E54A8A71BA9B53A006C3122 /* Build configuration list for PBXNativeTarget "NSUserDefaultsPractice" */;
			buildPhases = (
				8E54A8841BA9B53A006C3122 /* Sources */,
				8E54A8851BA9B53A006C3122 /* Frameworks */,
				8E54A8861BA9B53A006C3122 /* Resources */,
			);
			buildRules = (
			);
			dependencies = (
			);
			name = NSUserDefaultsPractice;
			productName = NSUserDefaultsPractice;
			productReference = 8E54A8881BA9B53A006C3122 /* NSUserDefaultsPractice.app */;
			productType = "com.apple.product-type.application";
		};
		8E54A89C1BA9B53A006C3122 /* NSUserDefaultsPracticeTests */ = {
			isa = PBXNativeTarget;
			buildConfigurationList = 8E54A8AA1BA9B53A006C3122 /* Build configuration list for PBXNativeTarget "NSUserDefaultsPracticeTests" */;
			buildPhases = (
				8E54A8991BA9B53A006C3122 /* Sources */,
				8E54A89A1BA9B53A006C3122 /* Frameworks */,
				8E54A89B1BA9B53A006C3122 /* Resources */,
			);
			buildRules = (
			);
			dependencies = (
				8E54A89F1BA9B53A006C3122 /* PBXTargetDependency */,
			);
			name = NSUserDefaultsPracticeTests;
			productName = NSUserDefaultsPracticeTests;
			productReference = 8E54A89D1BA9B53A006C3122 /* NSUserDefaultsPracticeTests.xctest */;
			productType = "com.apple.product-type.bundle.unit-test";
		};
/* End PBXNativeTarget section */

/* Begin PBXProject section */
		8E54A8801BA9B53A006C3122 /* Project object */ = {
			isa = PBXProject;
			attributes = {
				LastUpgradeCheck = 0610;
				ORGANIZATIONNAME = "Wajiha Kanwal";
				TargetAttributes = {
					8E54A8871BA9B53A006C3122 = {
						CreatedOnToolsVersion = 6.1;
					};
					8E54A89C1BA9B53A006C3122 = {
						CreatedOnToolsVersion = 6.1;
						TestTargetID = 8E54A8871BA9B53A006C3122;
					};
				};
			};
			buildConfigurationList = 8E54A8831BA9B53A006C3122 /* Build configuration list for PBXProject "NSUserDefaultsPractice" */;
			compatibilityVersion = "Xcode 3.2";
			developmentRegion = English;
			hasScannedForEncodings = 0;
			knownRegions = (
				en,
				Base,
			);
			mainGroup = 8E54A87F1BA9B53A006C3122;
			productRefGroup = 8E54A8891BA9B53A006C3122 /* Products */;
			projectDirPath = "";
			projectRoot = "";
			targets = (
				8E54A8871BA9B53A006C3122 /* NSUserDefaultsPractice */,
				8E54A89C1BA9B53A006C3122 /* NSUserDefaultsPracticeTests */,
			);
		};
/* End PBXProject section */

/* Begin PBXResourcesBuildPhase section */
		8E54A8861BA9B53A006C3122 /* Resources */ = {
			isa = PBXResourcesBuildPhase;
			buildActionMask = 2147483647;
			files = (
				8E54A8931BA9B53A006C3122 /* Main.storyboard in Resources */,
				8E54A8981BA9B53A006C3122 /* LaunchScreen.xib in Resources */,
				8E54A8951BA9B53A006C3122 /* Images.xcassets in Resources */,
			);
			runOnlyForDeploymentPostprocessing = 0;
		};
		8E54A89B1BA9B53A006C3122 /* Resources */ = {
			isa = PBXResourcesBuildPhase;
			buildActionMask = 2147483647;
			files = (
			);
			runOnlyForDeploymentPostprocessing = 0;
		};
/* End PBXResourcesBuildPhase section */

/* Begin PBXSourcesBuildPhase section */
		8E54A8841BA9B53A006C3122 /* Sources */ = {
			isa = PBXSourcesBuildPhase;
			buildActionMask = 2147483647;
			files = (
				8E54A8901BA9B53A006C3122 /* ViewController.swift in Sources */,
				8E54A88E1BA9B53A006C3122 /* AppDelegate.swift in Sources */,
			);
			runOnlyForDeploymentPostprocessing = 0;
		};
		8E54A8991BA9B53A006C3122 /* Sources */ = {
			isa = PBXSourcesBuildPhase;
			buildActionMask = 2147483647;
			files = (
				8E54A8A41BA9B53A006C3122 /* NSUserDefaultsPracticeTests.swift in Sources */,
			);
			runOnlyForDeploymentPostprocessing = 0;
		};
/* End PBXSourcesBuildPhase section */

/* Begin PBXTargetDependency section */
		8E54A89F1BA9B53A006C3122 /* PBXTargetDependency */ = {
			isa = PBXTargetDependency;
			target = 8E54A8871BA9B53A006C3122 /* NSUserDefaultsPractice */;
			targetProxy = 8E54A89E1BA9B53A006C3122 /* PBXContainerItemProxy */;
		};
/* End PBXTargetDependency section */

/* Begin PBXVariantGroup section */
		8E54A8911BA9B53A006C3122 /* Main.storyboard */ = {
			isa = PBXVariantGroup;
			children = (
				8E54A8921BA9B53A006C3122 /* Base */,
			);
			name = Main.storyboard;
			sourceTree = "<group>";
		};
		8E54A8961BA9B53A006C3122 /* LaunchScreen.xib */ = {
			isa = PBXVariantGroup;
			children = (
				8E54A8971BA9B53A006C3122 /* Base */,
			);
			name = LaunchScreen.xib;
			sourceTree = "<group>";
		};
/* End PBXVariantGroup section */

/* Begin XCBuildConfiguration section */
		8E54A8A51BA9B53A006C3122 /* Debug */ = {
			isa = XCBuildConfiguration;
			buildSettings = {
				ALWAYS_SEARCH_USER_PATHS = NO;
				CLANG_CXX_LANGUAGE_STANDARD = "gnu++0x";
				CLANG_CXX_LIBRARY = "libc++";
				CLANG_ENABLE_MODULES = YES;
				CLANG_ENABLE_OBJC_ARC = YES;
				CLANG_WARN_BOOL_CONVERSION = YES;
				CLANG_WARN_CONSTANT_CONVERSION = YES;
				CLANG_WARN_DIRECT_OBJC_ISA_USAGE = YES_ERROR;
				CLANG_WARN_EMPTY_BODY = YES;
				CLANG_WARN_ENUM_CONVERSION = YES;
				CLANG_WARN_INT_CONVERSION = YES;
				CLANG_WARN_OBJC_ROOT_CLASS = YES_ERROR;
				CLANG_WARN_UNREACHABLE_CODE = YES;
				CLANG_WARN__DUPLICATE_METHOD_MATCH = YES;
				"CODE_SIGN_IDENTITY[sdk=iphoneos*]" = "iPhone Developer";
				COPY_PHASE_STRIP = NO;
				ENABLE_STRICT_OBJC_MSGSEND = YES;
				GCC_C_LANGUAGE_STANDARD = gnu99;
				GCC_DYNAMIC_NO_PIC = NO;
				GCC_OPTIMIZATION_LEVEL = 0;
				GCC_PREPROCESSOR_DEFINITIONS = (
					"DEBUG=1",
					"$(inherited)",
				);
				GCC_SYMBOLS_PRIVATE_EXTERN = NO;
				GCC_WARN_64_TO_32_BIT_CONVERSION = YES;
				GCC_WARN_ABOUT_RETURN_TYPE = YES_ERROR;
				GCC_WARN_UNDECLARED_SELECTOR = YES;
				GCC_WARN_UNINITIALIZED_AUTOS = YES_AGGRESSIVE;
				GCC_WARN_UNUSED_FUNCTION = YES;
				GCC_WARN_UNUSED_VARIABLE = YES;
				IPHONEOS_DEPLOYMENT_TARGET = 8.1;
				MTL_ENABLE_DEBUG_INFO = YES;
				ONLY_ACTIVE_ARCH = YES;
				SDKROOT = iphoneos;
				SWIFT_OPTIMIZATION_LEVEL = "-Onone";
				TARGETED_DEVICE_FAMILY = "1,2";
			};
			name = Debug;
		};
		8E54A8A61BA9B53A006C3122 /* Release */ = {
			isa = XCBuildConfiguration;
			buildSettings = {
				ALWAYS_SEARCH_USER_PATHS = NO;
				CLANG_CXX_LANGUAGE_STANDARD = "gnu++0x";
				CLANG_CXX_LIBRARY = "libc++";
				CLANG_ENABLE_MODULES = YES;
				CLANG_ENABLE_OBJC_ARC = YES;
				CLANG_WARN_BOOL_CONVERSION = YES;
				CLANG_WARN_CONSTANT_CONVERSION = YES;
				CLANG_WARN_DIRECT_OBJC_ISA_USAGE = YES_ERROR;
				CLANG_WARN_EMPTY_BODY = YES;
				CLANG_WARN_ENUM_CONVERSION = YES;
				CLANG_WARN_INT_CONVERSION = YES;
				CLANG_WARN_OBJC_ROOT_CLASS = YES_ERROR;
				CLANG_WARN_UNREACHABLE_CODE = YES;
				CLANG_WARN__DUPLICATE_METHOD_MATCH = YES;
				"CODE_SIGN_IDENTITY[sdk=iphoneos*]" = "iPhone Developer";
				COPY_PHASE_STRIP = YES;
				ENABLE_NS_ASSERTIONS = NO;
				ENABLE_STRICT_OBJC_MSGSEND = YES;
				GCC_C_LANGUAGE_STANDARD = gnu99;
				GCC_WARN_64_TO_32_BIT_CONVERSION = YES;
				GCC_WARN_ABOUT_RETURN_TYPE = YES_ERROR;
				GCC_WARN_UNDECLARED_SELECTOR = YES;
				GCC_WARN_UNINITIALIZED_AUTOS = YES_AGGRESSIVE;
				GCC_WARN_UNUSED_FUNCTION = YES;
				GCC_WARN_UNUSED_VARIABLE = YES;
				IPHONEOS_DEPLOYMENT_TARGET = 8.1;
				MTL_ENABLE_DEBUG_INFO = NO;
				SDKROOT = iphoneos;
				TARGETED_DEVICE_FAMILY = "1,2";
				VALIDATE_PRODUCT = YES;
			};
			name = Release;
		};
		8E54A8A81BA9B53A006C3122 /* Debug */ = {
			isa = XCBuildConfiguration;
			buildSettings = {
				ASSETCATALOG_COMPILER_APPICON_NAME = AppIcon;
				INFOPLIST_FILE = NSUserDefaultsPractice/Info.plist;
				LD_RUNPATH_SEARCH_PATHS = "$(inherited) @executable_path/Frameworks";
				PRODUCT_NAME = "$(TARGET_NAME)";
			};
			name = Debug;
		};
		8E54A8A91BA9B53A006C3122 /* Release */ = {
			isa = XCBuildConfiguration;
			buildSettings = {
				ASSETCATALOG_COMPILER_APPICON_NAME = AppIcon;
				INFOPLIST_FILE = NSUserDefaultsPractice/Info.plist;
				LD_RUNPATH_SEARCH_PATHS = "$(inherited) @executable_path/Frameworks";
				PRODUCT_NAME = "$(TARGET_NAME)";
			};
			name = Release;
		};
		8E54A8AB1BA9B53A006C3122 /* Debug */ = {
			isa = XCBuildConfiguration;
			buildSettings = {
				BUNDLE_LOADER = "$(TEST_HOST)";
				FRAMEWORK_SEARCH_PATHS = (
					"$(SDKROOT)/Developer/Library/Frameworks",
					"$(inherited)",
				);
				GCC_PREPROCESSOR_DEFINITIONS = (
					"DEBUG=1",
					"$(inherited)",
				);
				INFOPLIST_FILE = NSUserDefaultsPracticeTests/Info.plist;
				LD_RUNPATH_SEARCH_PATHS = "$(inherited) @executable_path/Frameworks @loader_path/Frameworks";
				PRODUCT_NAME = "$(TARGET_NAME)";
				TEST_HOST = "$(BUILT_PRODUCTS_DIR)/NSUserDefaultsPractice.app/NSUserDefaultsPractice";
			};
			name = Debug;
		};
		8E54A8AC1BA9B53A006C3122 /* Release */ = {
			isa = XCBuildConfiguration;
			buildSettings = {
				BUNDLE_LOADER = "$(TEST_HOST)";
				FRAMEWORK_SEARCH_PATHS = (
					"$(SDKROOT)/Developer/Library/Frameworks",
					"$(inherited)",
				);
				INFOPLIST_FILE = NSUserDefaultsPracticeTests/Info.plist;
				LD_RUNPATH_SEARCH_PATHS = "$(inherited) @executable_path/Frameworks @loader_path/Frameworks";
				PRODUCT_NAME = "$(TARGET_NAME)";
				TEST_HOST = "$(BUILT_PRODUCTS_DIR)/NSUserDefaultsPractice.app/NSUserDefaultsPractice";
			};
			name = Release;
		};
/* End XCBuildConfiguration section */

/* Begin XCConfigurationList section */
		8E54A8831BA9B53A006C3122 /* Build configuration list for PBXProject "NSUserDefaultsPractice" */ = {
			isa = XCConfigurationList;
			buildConfigurations = (
				8E54A8A51BA9B53A006C3122 /* Debug */,
				8E54A8A61BA9B53A006C3122 /* Release */,
			);
			defaultConfigurationIsVisible = 0;
			defaultConfigurationName = Release;
		};
		8E54A8A71BA9B53A006C3122 /* Build configuration list for PBXNativeTarget "NSUserDefaultsPractice" */ = {
			isa = XCConfigurationList;
			buildConfigurations = (
				8E54A8A81BA9B53A006C3122 /* Debug */,
				8E54A8A91BA9B53A006C3122 /* Release */,
			);
			defaultConfigurationIsVisible = 0;
		};
		8E54A8AA1BA9B53A006C3122 /* Build configuration list for PBXNativeTarget "NSUserDefaultsPracticeTests" */ = {
			isa = XCConfigurationList;
			buildConfigurations = (
				8E54A8AB1BA9B53A006C3122 /* Debug */,
				8E54A8AC1BA9B53A006C3122 /* Release */,
			);
			defaultConfigurationIsVisible = 0;
		};
/* End XCConfigurationList section */
	};
	rootObject = 8E54A8801BA9B53A006C3122 /* Project object */;
}
